{
    "_readme": [
        "This file locks the dependencies of your project to a known state",
        "Read more about it at https://getcomposer.org/doc/01-basic-usage.md#installing-dependencies",
        "This file is @generated automatically"
    ],
    "content-hash": "bfeb9af032a0ae1a66e6088c8fef954c",
    "packages": [
        {
            "name": "wikimedia/less.php",
            "version": "v3.0.0",
            "source": {
                "type": "git",
                "url": "https://github.com/wikimedia/less.php.git",
                "reference": "5e2a4fba9304915c4cbf98cc9cb665a5c365c351"
            },
            "dist": {
                "type": "zip",
                "url": "https://api.github.com/repos/wikimedia/less.php/zipball/5e2a4fba9304915c4cbf98cc9cb665a5c365c351",
                "reference": "5e2a4fba9304915c4cbf98cc9cb665a5c365c351",
                "shasum": ""
            },
            "require": {
                "php": ">=7.2.9"
            },
            "require-dev": {
                "jakub-onderka/php-parallel-lint": "1.0.0",
                "mediawiki/minus-x": "1.0.0",
                "phpunit/phpunit": "^8.5"
            },
            "bin": [
                "bin/lessc"
            ],
            "type": "library",
            "autoload": {
                "psr-0": {
                    "Less": "lib/"
                },
                "classmap": [
                    "lessc.inc.php"
                ]
            },
            "notification-url": "https://packagist.org/downloads/",
            "license": [
                "Apache-2.0"
            ],
            "authors": [
                {
                    "name": "Josh Schmidt",
                    "homepage": "https://github.com/oyejorge"
                },
                {
                    "name": "Matt Agar",
                    "homepage": "https://github.com/agar"
                },
                {
                    "name": "Martin Jantošovič",
                    "homepage": "https://github.com/Mordred"
                }
            ],
            "description": "PHP port of the Javascript version of LESS http://lesscss.org (Originally maintained by Josh Schmidt)",
            "keywords": [
                "css",
                "less",
                "less.js",
                "lesscss",
                "php",
                "stylesheet"
            ],
            "time": "2020-03-11T23:01:29+00:00"
        },
        {
            "name": "yahnis-elsts/plugin-update-checker",
            "version": "v4.10",
            "source": {
                "type": "git",
                "url": "https://github.com/YahnisElsts/plugin-update-checker.git",
                "reference": "0edd15f67822464af8a23285ce367b30d515a855"
            },
            "dist": {
                "type": "zip",
                "url": "https://api.github.com/repos/YahnisElsts/plugin-update-checker/zipball/0edd15f67822464af8a23285ce367b30d515a855",
                "reference": "0edd15f67822464af8a23285ce367b30d515a855",
                "shasum": ""
            },
            "require": {
                "ext-json": "*",
                "php": ">=5.2.0"
            },
            "type": "library",
            "autoload": {
                "files": [
                    "load-v4p10.php"
                ]
            },
            "notification-url": "https://packagist.org/downloads/",
            "license": [
                "MIT"
            ],
            "authors": [
                {
                    "name": "Yahnis Elsts",
                    "email": "whiteshadow@w-shadow.com",
                    "homepage": "http://w-shadow.com/",
                    "role": "Developer"
                }
            ],
            "description": "A custom update checker for WordPress plugins and themes. Useful if you can't host your plugin in the official WP repository but still want it to support automatic updates.",
            "homepage": "https://github.com/YahnisElsts/plugin-update-checker/",
            "keywords": [
                "automatic updates",
                "plugin updates",
                "theme updates",
                "wordpress"
            ],
            "time": "2020-08-21T11:36:45+00:00"
        }
    ],
    "packages-dev": [],
    "aliases": [],
    "minimum-stability": "stable",
    "stability-flags": [],
    "prefer-stable": false,
    "prefer-lowest": false,
    "platform": [],
    "platform-dev": [],
    "plugin-api-version": "1.1.0"
}
